
Microsoft Visual Studio Solution File, Format Version 12.00
# Visual Studio 14
VisualStudioVersion = 14.0.25420.1
MinimumVisualStudioVersion = 10.0.40219.1
Project("{FAE04EC0-301F-11D3-BF4B-00C04F79EFBC}") = "DatingProjekt", "DatingProjekt\DatingProjekt.csproj", "{DCA61CDF-87FF-4D04-8302-384ACE08F9C6}"
EndProject
Project("{FAE04EC0-301F-11D3-BF4B-00C04F79EFBC}") = "DataLager", "DataLager\DataLager.csproj", "{5C221171-A1EF-4877-A23D-D8629D378220}"
EndProject
Global
	GlobalSection(SolutionConfigurationPlatforms) = preSolution
		Debug|Any CPU = Debug|Any CPU
		Release|Any CPU = Release|Any CPU
	EndGlobalSection
	GlobalSection(ProjectConfigurationPlatforms) = postSolution
		{DCA61CDF-87FF-4D04-8302-384ACE08F9C6}.Debug|Any CPU.ActiveCfg = Debug|Any CPU
		{DCA61CDF-87FF-4D04-8302-384ACE08F9C6}.Debug|Any CPU.Build.0 = Debug|Any CPU
		{DCA61CDF-87FF-4D04-8302-384ACE08F9C6}.Release|Any CPU.ActiveCfg = Release|Any CPU
		{DCA61CDF-87FF-4D04-8302-384ACE08F9C6}.Release|Any CPU.Build.0 = Release|Any CPU
		{5C221171-A1EF-4877-A23D-D8629D378220}.Debug|Any CPU.ActiveCfg = Debug|Any CPU
		{5C221171-A1EF-4877-A23D-D8629D378220}.Debug|Any CPU.Build.0 = Debug|Any CPU
		{5C221171-A1EF-4877-A23D-D8629D378220}.Release|Any CPU.ActiveCfg = Release|Any CPU
		{5C221171-A1EF-4877-A23D-D8629D378220}.Release|Any CPU.Build.0 = Release|Any CPU
	EndGlobalSection
	GlobalSection(SolutionProperties) = preSolution
		HideSolutionNode = FALSE
	EndGlobalSection
EndGlobal
